// !$*UTF8*$!
{
	archiveVersion = 1;
	classes = {
	};
	objectVersion = 56;
	objects = {

/* Begin PBXBuildFile section */
		8599406E2E311BF2002AD1DB /* Flashcard.swift in Sources */ = {isa = PBXBuildFile; fileRef = 8599406D2E311BF2002AD1DB /* Flashcard.swift */; };
		859940742E312580002AD1DB /* UIViewController+Extension.swift in Sources */ = {isa = PBXBuildFile; fileRef = 859940732E312580002AD1DB /* UIViewController+Extension.swift */; };
		85AF8A392E2E241C0043F93D /* AppDelegate.swift in Sources */ = {isa = PBXBuildFile; fileRef = 85AF8A382E2E241C0043F93D /* AppDelegate.swift */; };
		85AF8A3B2E2E241C0043F93D /* SceneDelegate.swift in Sources */ = {isa = PBXBuildFile; fileRef = 85AF8A3A2E2E241C0043F93D /* SceneDelegate.swift */; };
		85AF8A402E2E241C0043F93D /* Base in Resources */ = {isa = PBXBuildFile; fileRef = 85AF8A3F2E2E241C0043F93D /* Base */; };
		85AF8A422E2E241E0043F93D /* Assets.xcassets in Resources */ = {isa = PBXBuildFile; fileRef = 85AF8A412E2E241E0043F93D /* Assets.xcassets */; };
		85AF8A452E2E241E0043F93D /* Base in Resources */ = {isa = PBXBuildFile; fileRef = 85AF8A442E2E241E0043F93D /* Base */; };
		85AF8A4D2E2E24830043F93D /* FlashcardListViewController.swift in Sources */ = {isa = PBXBuildFile; fileRef = 85AF8A4C2E2E24830043F93D /* FlashcardListViewController.swift */; };
		85AF8A502E2E24D30043F93D /* FlashcardCell.xib in Resources */ = {isa = PBXBuildFile; fileRef = 85AF8A4F2E2E24D30043F93D /* FlashcardCell.xib */; };
		85AF8A512E2E24D30043F93D /* FlashcardCell.swift in Sources */ = {isa = PBXBuildFile; fileRef = 85AF8A4E2E2E24D30043F93D /* FlashcardCell.swift */; };
		85AF8A532E2E254A0043F93D /* FlashcardStorage.swift in Sources */ = {isa = PBXBuildFile; fileRef = 85AF8A522E2E254A0043F93D /* FlashcardStorage.swift */; };
		85AF8A552E2E25660043F93D /* FlashcardListViewModel.swift in Sources */ = {isa = PBXBuildFile; fileRef = 85AF8A542E2E25660043F93D /* FlashcardListViewModel.swift */; };
		85AF8A572E2E25800043F93D /* StudySessionViewModel.swift in Sources */ = {isa = PBXBuildFile; fileRef = 85AF8A562E2E25800043F93D /* StudySessionViewModel.swift */; };
		85AF8A592E2E261F0043F93D /* StudySessionViewController.swift in Sources */ = {isa = PBXBuildFile; fileRef = 85AF8A582E2E261F0043F93D /* StudySessionViewController.swift */; };
/* End PBXBuildFile section */

/* Begin PBXFileReference section */
		8599406D2E311BF2002AD1DB /* Flashcard.swift */ = {isa = PBXFileReference; lastKnownFileType = sourcecode.swift; path = Flashcard.swift; sourceTree = "<group>"; };
		859940732E312580002AD1DB /* UIViewController+Extension.swift */ = {isa = PBXFileReference; lastKnownFileType = sourcecode.swift; path = "UIViewController+Extension.swift"; sourceTree = "<group>"; };
		85AF8A352E2E241C0043F93D /* FlashCardStudyApp.app */ = {isa = PBXFileReference; explicitFileType = wrapper.application; includeInIndex = 0; path = FlashCardStudyApp.app; sourceTree = BUILT_PRODUCTS_DIR; };
		85AF8A382E2E241C0043F93D /* AppDelegate.swift */ = {isa = PBXFileReference; lastKnownFileType = sourcecode.swift; path = AppDelegate.swift; sourceTree = "<group>"; };
		85AF8A3A2E2E241C0043F93D /* SceneDelegate.swift */ = {isa = PBXFileReference; lastKnownFileType = sourcecode.swift; path = SceneDelegate.swift; sourceTree = "<group>"; };
		85AF8A3F2E2E241C0043F93D /* Base */ = {isa = PBXFileReference; lastKnownFileType = file.storyboard; name = Base; path = Base.lproj/Main.storyboard; sourceTree = "<group>"; };
		85AF8A412E2E241E0043F93D /* Assets.xcassets */ = {isa = PBXFileReference; lastKnownFileType = folder.assetcatalog; path = Assets.xcassets; sourceTree = "<group>"; };
		85AF8A442E2E241E0043F93D /* Base */ = {isa = PBXFileReference; lastKnownFileType = file.storyboard; name = Base; path = Base.lproj/LaunchScreen.storyboard; sourceTree = "<group>"; };
		85AF8A462E2E241E0043F93D /* Info.plist */ = {isa = PBXFileReference; lastKnownFileType = text.plist.xml; path = Info.plist; sourceTree = "<group>"; };
		85AF8A4C2E2E24830043F93D /* FlashcardListViewController.swift */ = {isa = PBXFileReference; lastKnownFileType = sourcecode.swift; path = FlashcardListViewController.swift; sourceTree = "<group>"; };
		85AF8A4E2E2E24D30043F93D /* FlashcardCell.swift */ = {isa = PBXFileReference; lastKnownFileType = sourcecode.swift; path = FlashcardCell.swift; sourceTree = "<group>"; };
		85AF8A4F2E2E24D30043F93D /* FlashcardCell.xib */ = {isa = PBXFileReference; lastKnownFileType = file.xib; path = FlashcardCell.xib; sourceTree = "<group>"; };
		85AF8A522E2E254A0043F93D /* FlashcardStorage.swift */ = {isa = PBXFileReference; lastKnownFileType = sourcecode.swift; path = FlashcardStorage.swift; sourceTree = "<group>"; };
		85AF8A542E2E25660043F93D /* FlashcardListViewModel.swift */ = {isa = PBXFileReference; lastKnownFileType = sourcecode.swift; path = FlashcardListViewModel.swift; sourceTree = "<group>"; };
		85AF8A562E2E25800043F93D /* StudySessionViewModel.swift */ = {isa = PBXFileReference; lastKnownFileType = sourcecode.swift; path = StudySessionViewModel.swift; sourceTree = "<group>"; };
		85AF8A582E2E261F0043F93D /* StudySessionViewController.swift */ = {isa = PBXFileReference; lastKnownFileType = sourcecode.swift; path = StudySessionViewController.swift; sourceTree = "<group>"; };
/* End PBXFileReference section */

/* Begin PBXFrameworksBuildPhase section */
		85AF8A322E2E241C0043F93D /* Frameworks */ = {
			isa = PBXFrameworksBuildPhase;
			buildActionMask = 2147483647;
			files = (
			);
			runOnlyForDeploymentPostprocessing = 0;
		};
/* End PBXFrameworksBuildPhase section */

/* Begin PBXGroup section */
		8599406A2E311BA2002AD1DB /* Models */ = {
			isa = PBXGroup;
			children = (
				8599406D2E311BF2002AD1DB /* Flashcard.swift */,
			);
			path = Models;
			sourceTree = "<group>";
		};
		8599406B2E311BB7002AD1DB /* ViewModels */ = {
			isa = PBXGroup;
			children = (
				85AF8A562E2E25800043F93D /* StudySessionViewModel.swift */,
				85AF8A542E2E25660043F93D /* FlashcardListViewModel.swift */,
			);
			path = ViewModels;
			sourceTree = "<group>";
		};
		8599406C2E311BCA002AD1DB /* Persistence */ = {
			isa = PBXGroup;
			children = (
				85AF8A522E2E254A0043F93D /* FlashcardStorage.swift */,
			);
			path = Persistence;
			sourceTree = "<group>";
		};
		8599406F2E311C16002AD1DB /* Views */ = {
			isa = PBXGroup;
			children = (
				85AF8A4C2E2E24830043F93D /* FlashcardListViewController.swift */,
				85AF8A582E2E261F0043F93D /* StudySessionViewController.swift */,
			);
			path = Views;
			sourceTree = "<group>";
		};
		859940702E311C34002AD1DB /* Components */ = {
			isa = PBXGroup;
			children = (
				85AF8A4E2E2E24D30043F93D /* FlashcardCell.swift */,
				85AF8A4F2E2E24D30043F93D /* FlashcardCell.xib */,
			);
			path = Components;
			sourceTree = "<group>";
		};
		859940712E311C5D002AD1DB /* Resources */ = {
			isa = PBXGroup;
			children = (
				85AF8A3E2E2E241C0043F93D /* Main.storyboard */,
			);
			path = Resources;
			sourceTree = "<group>";
		};
		859940722E312568002AD1DB /* Extension */ = {
			isa = PBXGroup;
			children = (
				859940732E312580002AD1DB /* UIViewController+Extension.swift */,
			);
			path = Extension;
			sourceTree = "<group>";
		};
		85AF8A2C2E2E241C0043F93D = {
			isa = PBXGroup;
			children = (
				85AF8A372E2E241C0043F93D /* FlashCardStudyApp */,
				85AF8A362E2E241C0043F93D /* Products */,
			);
			sourceTree = "<group>";
		};
		85AF8A362E2E241C0043F93D /* Products */ = {
			isa = PBXGroup;
			children = (
				85AF8A352E2E241C0043F93D /* FlashCardStudyApp.app */,
			);
			name = Products;
			sourceTree = "<group>";
		};
		85AF8A372E2E241C0043F93D /* FlashCardStudyApp */ = {
			isa = PBXGroup;
			children = (
				859940722E312568002AD1DB /* Extension */,
				85AF8A382E2E241C0043F93D /* AppDelegate.swift */,
				85AF8A3A2E2E241C0043F93D /* SceneDelegate.swift */,
				859940712E311C5D002AD1DB /* Resources */,
				859940702E311C34002AD1DB /* Components */,
				8599406F2E311C16002AD1DB /* Views */,
				8599406C2E311BCA002AD1DB /* Persistence */,
				8599406B2E311BB7002AD1DB /* ViewModels */,
				8599406A2E311BA2002AD1DB /* Models */,
				85AF8A432E2E241E0043F93D /* LaunchScreen.storyboard */,
				85AF8A412E2E241E0043F93D /* Assets.xcassets */,
				85AF8A462E2E241E0043F93D /* Info.plist */,
			);
			path = FlashCardStudyApp;
			sourceTree = "<group>";
		};
/* End PBXGroup section */

/* Begin PBXNativeTarget section */
		85AF8A342E2E241C0043F93D /* FlashCardStudyApp */ = {
			isa = PBXNativeTarget;
			buildConfigurationList = 85AF8A492E2E241E0043F93D /* Build configuration list for PBXNativeTarget "FlashCardStudyApp" */;
			buildPhases = (
				85AF8A312E2E241C0043F93D /* Sources */,
				85AF8A322E2E241C0043F93D /* Frameworks */,
				85AF8A332E2E241C0043F93D /* Resources */,
			);
			buildRules = (
			);
			dependencies = (
			);
			name = FlashCardStudyApp;
			productName = FlashCardStudyApp;
			productReference = 85AF8A352E2E241C0043F93D /* FlashCardStudyApp.app */;
			productType = "com.apple.product-type.application";
		};
/* End PBXNativeTarget section */

/* Begin PBXProject section */
		85AF8A2D2E2E241C0043F93D /* Project object */ = {
			isa = PBXProject;
			attributes = {
				BuildIndependentTargetsInParallel = 1;
				LastSwiftUpdateCheck = 1530;
				LastUpgradeCheck = 1530;
				TargetAttributes = {
					85AF8A342E2E241C0043F93D = {
						CreatedOnToolsVersion = 15.3;
					};
				};
			};
			buildConfigurationList = 85AF8A302E2E241C0043F93D /* Build configuration list for PBXProject "FlashCardStudyApp" */;
			compatibilityVersion = "Xcode 14.0";
			developmentRegion = en;
			hasScannedForEncodings = 0;
			knownRegions = (
				en,
				Base,
			);
			mainGroup = 85AF8A2C2E2E241C0043F93D;
			productRefGroup = 85AF8A362E2E241C0043F93D /* Products */;
			projectDirPath = "";
			projectRoot = "";
			targets = (
				85AF8A342E2E241C0043F93D /* FlashCardStudyApp */,
			);
		};
/* End PBXProject section */

/* Begin PBXResourcesBuildPhase section */
		85AF8A332E2E241C0043F93D /* Resources */ = {
			isa = PBXResourcesBuildPhase;
			buildActionMask = 2147483647;
			files = (
				85AF8A422E2E241E0043F93D /* Assets.xcassets in Resources */,
				85AF8A452E2E241E0043F93D /* Base in Resources */,
				85AF8A502E2E24D30043F93D /* FlashcardCell.xib in Resources */,
				85AF8A402E2E241C0043F93D /* Base in Resources */,
			);
			runOnlyForDeploymentPostprocessing = 0;
		};
/* End PBXResourcesBuildPhase section */

/* Begin PBXSourcesBuildPhase section */
		85AF8A312E2E241C0043F93D /* Sources */ = {
			isa = PBXSourcesBuildPhase;
			buildActionMask = 2147483647;
			files = (
				85AF8A532E2E254A0043F93D /* FlashcardStorage.swift in Sources */,
				8599406E2E311BF2002AD1DB /* Flashcard.swift in Sources */,
				85AF8A592E2E261F0043F93D /* StudySessionViewController.swift in Sources */,
				85AF8A552E2E25660043F93D /* FlashcardListViewModel.swift in Sources */,
				85AF8A4D2E2E24830043F93D /* FlashcardListViewController.swift in Sources */,
				85AF8A392E2E241C0043F93D /* AppDelegate.swift in Sources */,
				85AF8A512E2E24D30043F93D /* FlashcardCell.swift in Sources */,
				85AF8A3B2E2E241C0043F93D /* SceneDelegate.swift in Sources */,
				859940742E312580002AD1DB /* UIViewController+Extension.swift in Sources */,
				85AF8A572E2E25800043F93D /* StudySessionViewModel.swift in Sources */,
			);
			runOnlyForDeploymentPostprocessing = 0;
		};
/* End PBXSourcesBuildPhase section */

/* Begin PBXVariantGroup section */
		85AF8A3E2E2E241C0043F93D /* Main.storyboard */ = {
			isa = PBXVariantGroup;
			children = (
				85AF8A3F2E2E241C0043F93D /* Base */,
			);
			name = Main.storyboard;
			sourceTree = "<group>";
		};
		85AF8A432E2E241E0043F93D /* LaunchScreen.storyboard */ = {
			isa = PBXVariantGroup;
			children = (
				85AF8A442E2E241E0043F93D /* Base */,
			);
			name = LaunchScreen.storyboard;
			sourceTree = "<group>";
		};
/* End PBXVariantGroup section */

/* Begin XCBuildConfiguration section */
		85AF8A472E2E241E0043F93D /* Debug */ = {
			isa = XCBuildConfiguration;
			buildSettings = {
				ALWAYS_SEARCH_USER_PATHS = NO;
				ASSETCATALOG_COMPILER_GENERATE_SWIFT_ASSET_SYMBOL_EXTENSIONS = YES;
				CLANG_ANALYZER_NONNULL = YES;
				CLANG_ANALYZER_NUMBER_OBJECT_CONVERSION = YES_AGGRESSIVE;
				CLANG_CXX_LANGUAGE_STANDARD = "gnu++20";
				CLANG_ENABLE_MODULES = YES;
				CLANG_ENABLE_OBJC_ARC = YES;
				CLANG_ENABLE_OBJC_WEAK = YES;
				CLANG_WARN_BLOCK_CAPTURE_AUTORELEASING = YES;
				CLANG_WARN_BOOL_CONVERSION = YES;
				CLANG_WARN_COMMA = YES;
				CLANG_WARN_CONSTANT_CONVERSION = YES;
				CLANG_WARN_DEPRECATED_OBJC_IMPLEMENTATIONS = YES;
				CLANG_WARN_DIRECT_OBJC_ISA_USAGE = YES_ERROR;
				CLANG_WARN_DOCUMENTATION_COMMENTS = YES;
				CLANG_WARN_EMPTY_BODY = YES;
				CLANG_WARN_ENUM_CONVERSION = YES;
				CLANG_WARN_INFINITE_RECURSION = YES;
				CLANG_WARN_INT_CONVERSION = YES;
				CLANG_WARN_NON_LITERAL_NULL_CONVERSION = YES;
				CLANG_WARN_OBJC_IMPLICIT_RETAIN_SELF = YES;
				CLANG_WARN_OBJC_LITERAL_CONVERSION = YES;
				CLANG_WARN_OBJC_ROOT_CLASS = YES_ERROR;
				CLANG_WARN_QUOTED_INCLUDE_IN_FRAMEWORK_HEADER = YES;
				CLANG_WARN_RANGE_LOOP_ANALYSIS = YES;
				CLANG_WARN_STRICT_PROTOTYPES = YES;
				CLANG_WARN_SUSPICIOUS_MOVE = YES;
				CLANG_WARN_UNGUARDED_AVAILABILITY = YES_AGGRESSIVE;
				CLANG_WARN_UNREACHABLE_CODE = YES;
				CLANG_WARN__DUPLICATE_METHOD_MATCH = YES;
				COPY_PHASE_STRIP = NO;
				DEBUG_INFORMATION_FORMAT = dwarf;
				ENABLE_STRICT_OBJC_MSGSEND = YES;
				ENABLE_TESTABILITY = YES;
				ENABLE_USER_SCRIPT_SANDBOXING = YES;
				GCC_C_LANGUAGE_STANDARD = gnu17;
				GCC_DYNAMIC_NO_PIC = NO;
				GCC_NO_COMMON_BLOCKS = YES;
				GCC_OPTIMIZATION_LEVEL = 0;
				GCC_PREPROCESSOR_DEFINITIONS = (
					"DEBUG=1",
					"$(inherited)",
				);
				GCC_WARN_64_TO_32_BIT_CONVERSION = YES;
				GCC_WARN_ABOUT_RETURN_TYPE = YES_ERROR;
				GCC_WARN_UNDECLARED_SELECTOR = YES;
				GCC_WARN_UNINITIALIZED_AUTOS = YES_AGGRESSIVE;
				GCC_WARN_UNUSED_FUNCTION = YES;
				GCC_WARN_UNUSED_VARIABLE = YES;
				IPHONEOS_DEPLOYMENT_TARGET = 17.4;
				LOCALIZATION_PREFERS_STRING_CATALOGS = YES;
				MTL_ENABLE_DEBUG_INFO = INCLUDE_SOURCE;
				MTL_FAST_MATH = YES;
				ONLY_ACTIVE_ARCH = YES;
				SDKROOT = iphoneos;
				SWIFT_ACTIVE_COMPILATION_CONDITIONS = "DEBUG $(inherited)";
				SWIFT_OPTIMIZATION_LEVEL = "-Onone";
			};
			name = Debug;
		};
		85AF8A482E2E241E0043F93D /* Release */ = {
			isa = XCBuildConfiguration;
			buildSettings = {
				ALWAYS_SEARCH_USER_PATHS = NO;
				ASSETCATALOG_COMPILER_GENERATE_SWIFT_ASSET_SYMBOL_EXTENSIONS = YES;
				CLANG_ANALYZER_NONNULL = YES;
				CLANG_ANALYZER_NUMBER_OBJECT_CONVERSION = YES_AGGRESSIVE;
				CLANG_CXX_LANGUAGE_STANDARD = "gnu++20";
				CLANG_ENABLE_MODULES = YES;
				CLANG_ENABLE_OBJC_ARC = YES;
				CLANG_ENABLE_OBJC_WEAK = YES;
				CLANG_WARN_BLOCK_CAPTURE_AUTORELEASING = YES;
				CLANG_WARN_BOOL_CONVERSION = YES;
				CLANG_WARN_COMMA = YES;
				CLANG_WARN_CONSTANT_CONVERSION = YES;
				CLANG_WARN_DEPRECATED_OBJC_IMPLEMENTATIONS = YES;
				CLANG_WARN_DIRECT_OBJC_ISA_USAGE = YES_ERROR;
				CLANG_WARN_DOCUMENTATION_COMMENTS = YES;
				CLANG_WARN_EMPTY_BODY = YES;
				CLANG_WARN_ENUM_CONVERSION = YES;
				CLANG_WARN_INFINITE_RECURSION = YES;
				CLANG_WARN_INT_CONVERSION = YES;
				CLANG_WARN_NON_LITERAL_NULL_CONVERSION = YES;
				CLANG_WARN_OBJC_IMPLICIT_RETAIN_SELF = YES;
				CLANG_WARN_OBJC_LITERAL_CONVERSION = YES;
				CLANG_WARN_OBJC_ROOT_CLASS = YES_ERROR;
				CLANG_WARN_QUOTED_INCLUDE_IN_FRAMEWORK_HEADER = YES;
				CLANG_WARN_RANGE_LOOP_ANALYSIS = YES;
				CLANG_WARN_STRICT_PROTOTYPES = YES;
				CLANG_WARN_SUSPICIOUS_MOVE = YES;
				CLANG_WARN_UNGUARDED_AVAILABILITY = YES_AGGRESSIVE;
				CLANG_WARN_UNREACHABLE_CODE = YES;
				CLANG_WARN__DUPLICATE_METHOD_MATCH = YES;
				COPY_PHASE_STRIP = NO;
				DEBUG_INFORMATION_FORMAT = "dwarf-with-dsym";
				ENABLE_NS_ASSERTIONS = NO;
				ENABLE_STRICT_OBJC_MSGSEND = YES;
				ENABLE_USER_SCRIPT_SANDBOXING = YES;
				GCC_C_LANGUAGE_STANDARD = gnu17;
				GCC_NO_COMMON_BLOCKS = YES;
				GCC_WARN_64_TO_32_BIT_CONVERSION = YES;
				GCC_WARN_ABOUT_RETURN_TYPE = YES_ERROR;
				GCC_WARN_UNDECLARED_SELECTOR = YES;
				GCC_WARN_UNINITIALIZED_AUTOS = YES_AGGRESSIVE;
				GCC_WARN_UNUSED_FUNCTION = YES;
				GCC_WARN_UNUSED_VARIABLE = YES;
				IPHONEOS_DEPLOYMENT_TARGET = 17.4;
				LOCALIZATION_PREFERS_STRING_CATALOGS = YES;
				MTL_ENABLE_DEBUG_INFO = NO;
				MTL_FAST_MATH = YES;
				SDKROOT = iphoneos;
				SWIFT_COMPILATION_MODE = wholemodule;
				VALIDATE_PRODUCT = YES;
			};
			name = Release;
		};
		85AF8A4A2E2E241E0043F93D /* Debug */ = {
			isa = XCBuildConfiguration;
			buildSettings = {
				ASSETCATALOG_COMPILER_APPICON_NAME = AppIcon;
				ASSETCATALOG_COMPILER_GLOBAL_ACCENT_COLOR_NAME = AccentColor;
				CODE_SIGN_STYLE = Manual;
				CURRENT_PROJECT_VERSION = 1;
				DEVELOPMENT_TEAM = "";
				GENERATE_INFOPLIST_FILE = YES;
				INFOPLIST_FILE = FlashCardStudyApp/Info.plist;
				INFOPLIST_KEY_UIApplicationSupportsIndirectInputEvents = YES;
				INFOPLIST_KEY_UILaunchStoryboardName = LaunchScreen;
				INFOPLIST_KEY_UIMainStoryboardFile = Main;
				INFOPLIST_KEY_UISupportedInterfaceOrientations_iPad = "UIInterfaceOrientationPortrait UIInterfaceOrientationPortraitUpsideDown UIInterfaceOrientationLandscapeLeft UIInterfaceOrientationLandscapeRight";
				INFOPLIST_KEY_UISupportedInterfaceOrientations_iPhone = "UIInterfaceOrientationPortrait UIInterfaceOrientationLandscapeLeft UIInterfaceOrientationLandscapeRight";
				LD_RUNPATH_SEARCH_PATHS = (
					"$(inherited)",
					"@executable_path/Frameworks",
				);
				MARKETING_VERSION = 1.0;
				PRODUCT_BUNDLE_IDENTIFIER = test.sample.FlashCardStudyApp;
				PRODUCT_NAME = "$(TARGET_NAME)";
				PROVISIONING_PROFILE_SPECIFIER = "";
				SWIFT_EMIT_LOC_STRINGS = YES;
				SWIFT_VERSION = 5.0;
				TARGETED_DEVICE_FAMILY = "1,2";
			};
			name = Debug;
		};
		85AF8A4B2E2E241E0043F93D /* Release */ = {
			isa = XCBuildConfiguration;
			buildSettings = {
				ASSETCATALOG_COMPILER_APPICON_NAME = AppIcon;
				ASSETCATALOG_COMPILER_GLOBAL_ACCENT_COLOR_NAME = AccentColor;
				CODE_SIGN_STYLE = Manual;
				CURRENT_PROJECT_VERSION = 1;
				DEVELOPMENT_TEAM = "";
				GENERATE_INFOPLIST_FILE = YES;
				INFOPLIST_FILE = FlashCardStudyApp/Info.plist;
				INFOPLIST_KEY_UIApplicationSupportsIndirectInputEvents = YES;
				INFOPLIST_KEY_UILaunchStoryboardName = LaunchScreen;
				INFOPLIST_KEY_UIMainStoryboardFile = Main;
				INFOPLIST_KEY_UISupportedInterfaceOrientations_iPad = "UIInterfaceOrientationPortrait UIInterfaceOrientationPortraitUpsideDown UIInterfaceOrientationLandscapeLeft UIInterfaceOrientationLandscapeRight";
				INFOPLIST_KEY_UISupportedInterfaceOrientations_iPhone = "UIInterfaceOrientationPortrait UIInterfaceOrientationLandscapeLeft UIInterfaceOrientationLandscapeRight";
				LD_RUNPATH_SEARCH_PATHS = (
					"$(inherited)",
					"@executable_path/Frameworks",
				);
				MARKETING_VERSION = 1.0;
				PRODUCT_BUNDLE_IDENTIFIER = test.sample.FlashCardStudyApp;
				PRODUCT_NAME = "$(TARGET_NAME)";
				PROVISIONING_PROFILE_SPECIFIER = "";
				SWIFT_EMIT_LOC_STRINGS = YES;
				SWIFT_VERSION = 5.0;
				TARGETED_DEVICE_FAMILY = "1,2";
			};
			name = Release;
		};
/* End XCBuildConfiguration section */

/* Begin XCConfigurationList section */
		85AF8A302E2E241C0043F93D /* Build configuration list for PBXProject "FlashCardStudyApp" */ = {
			isa = XCConfigurationList;
			buildConfigurations = (
				85AF8A472E2E241E0043F93D /* Debug */,
				85AF8A482E2E241E0043F93D /* Release */,
			);
			defaultConfigurationIsVisible = 0;
			defaultConfigurationName = Release;
		};
		85AF8A492E2E241E0043F93D /* Build configuration list for PBXNativeTarget "FlashCardStudyApp" */ = {
			isa = XCConfigurationList;
			buildConfigurations = (
				85AF8A4A2E2E241E0043F93D /* Debug */,
				85AF8A4B2E2E241E0043F93D /* Release */,
			);
			defaultConfigurationIsVisible = 0;
			defaultConfigurationName = Release;
		};
/* End XCConfigurationList section */
	};
	rootObject = 85AF8A2D2E2E241C0043F93D /* Project object */;
}
